
Microsoft Visual Studio Solution File, Format Version 12.00
# Visual Studio Version 16
VisualStudioVersion = 16.0.32413.511
MinimumVisualStudioVersion = 10.0.40219.1
Project("{FAE04EC0-301F-11D3-BF4B-00C04F79EFBC}") = "Flight_Ticket_Reservation", "Flight_Ticket_Reservation\Flight_Ticket_Reservation.csproj", "{545EF841-9199-4460-9522-0045B523F1ED}"
EndProject
Global
	GlobalSection(SolutionConfigurationPlatforms) = preSolution
		Debug|Any CPU = Debug|Any CPU
		Release|Any CPU = Release|Any CPU
	EndGlobalSection
	GlobalSection(ProjectConfigurationPlatforms) = postSolution
		{545EF841-9199-4460-9522-0045B523F1ED}.Debug|Any CPU.ActiveCfg = Debug|Any CPU
		{545EF841-9199-4460-9522-0045B523F1ED}.Debug|Any CPU.Build.0 = Debug|Any CPU
		{545EF841-9199-4460-9522-0045B523F1ED}.Release|Any CPU.ActiveCfg = Release|Any CPU
		{545EF841-9199-4460-9522-0045B523F1ED}.Release|Any CPU.Build.0 = Release|Any CPU
	EndGlobalSection
	GlobalSection(SolutionProperties) = preSolution
		HideSolutionNode = FALSE
	EndGlobalSection
	GlobalSection(ExtensibilityGlobals) = postSolution
		SolutionGuid = {0CB922BB-1300-4227-88D0-D45F7B4B4984}
	EndGlobalSection
EndGlobal
